
Microsoft Visual Studio Solution File, Format Version 12.00
# Visual Studio 2013
VisualStudioVersion = 12.0.21005.1
MinimumVisualStudioVersion = 10.0.40219.1
Project("{FAE04EC0-301F-11D3-BF4B-00C04F79EFBC}") = "BraintreeEncryption.Library", "BraintreeEncryption.Library\BraintreeEncryption.Library.csproj", "{1961E21A-790B-4F37-AFA9-F93D1D538B0D}"
EndProject
Project("{FAE04EC0-301F-11D3-BF4B-00C04F79EFBC}") = "BraintreeEncryption.Library.Tests", "BraintreeEncryption.Library.Tests\BraintreeEncryption.Library.Tests.csproj", "{5D857D1D-0F80-478C-BB4D-DF6F631240EB}"
EndProject
Project("{FAE04EC0-301F-11D3-BF4B-00C04F79EFBC}") = "BraintreeEncryption.WinRT.Tests", "BraintreeEncryption.WinRT.Tests\BraintreeEncryption.WinRT.Tests.csproj", "{1D57F4E7-CFF3-4853-BD38-CE9B7CDD8DB5}"
EndProject
Project("{FAE04EC0-301F-11D3-BF4B-00C04F79EFBC}") = "BraintreeEncryption.WinRT", "BraintreeEncryption.WinRT\BraintreeEncryption.WinRT.csproj", "{74774116-AE8F-4CFE-85CA-EEADD8A304EE}"
EndProject
Global
	GlobalSection(SolutionConfigurationPlatforms) = preSolution
		Debug|Any CPU = Debug|Any CPU
		Debug|ARM = Debug|ARM
		Debug|x64 = Debug|x64
		Debug|x86 = Debug|x86
		Release|Any CPU = Release|Any CPU
		Release|ARM = Release|ARM
		Release|x64 = Release|x64
		Release|x86 = Release|x86
	EndGlobalSection
	GlobalSection(ProjectConfigurationPlatforms) = postSolution
		{1961E21A-790B-4F37-AFA9-F93D1D538B0D}.Debug|Any CPU.ActiveCfg = Debug|Any CPU
		{1961E21A-790B-4F37-AFA9-F93D1D538B0D}.Debug|Any CPU.Build.0 = Debug|Any CPU
		{1961E21A-790B-4F37-AFA9-F93D1D538B0D}.Debug|ARM.ActiveCfg = Debug|ARM
		{1961E21A-790B-4F37-AFA9-F93D1D538B0D}.Debug|ARM.Build.0 = Debug|ARM
		{1961E21A-790B-4F37-AFA9-F93D1D538B0D}.Debug|x64.ActiveCfg = Debug|Any CPU
		{1961E21A-790B-4F37-AFA9-F93D1D538B0D}.Debug|x86.ActiveCfg = Debug|x86
		{1961E21A-790B-4F37-AFA9-F93D1D538B0D}.Debug|x86.Build.0 = Debug|x86
		{1961E21A-790B-4F37-AFA9-F93D1D538B0D}.Release|Any CPU.ActiveCfg = Release|Any CPU
		{1961E21A-790B-4F37-AFA9-F93D1D538B0D}.Release|Any CPU.Build.0 = Release|Any CPU
		{1961E21A-790B-4F37-AFA9-F93D1D538B0D}.Release|ARM.ActiveCfg = Release|ARM
		{1961E21A-790B-4F37-AFA9-F93D1D538B0D}.Release|ARM.Build.0 = Release|ARM
		{1961E21A-790B-4F37-AFA9-F93D1D538B0D}.Release|x64.ActiveCfg = Release|Any CPU
		{1961E21A-790B-4F37-AFA9-F93D1D538B0D}.Release|x86.ActiveCfg = Release|x86
		{1961E21A-790B-4F37-AFA9-F93D1D538B0D}.Release|x86.Build.0 = Release|x86
		{5D857D1D-0F80-478C-BB4D-DF6F631240EB}.Debug|Any CPU.ActiveCfg = Debug|Any CPU
		{5D857D1D-0F80-478C-BB4D-DF6F631240EB}.Debug|Any CPU.Build.0 = Debug|Any CPU
		{5D857D1D-0F80-478C-BB4D-DF6F631240EB}.Debug|Any CPU.Deploy.0 = Debug|Any CPU
		{5D857D1D-0F80-478C-BB4D-DF6F631240EB}.Debug|ARM.ActiveCfg = Debug|ARM
		{5D857D1D-0F80-478C-BB4D-DF6F631240EB}.Debug|ARM.Build.0 = Debug|ARM
		{5D857D1D-0F80-478C-BB4D-DF6F631240EB}.Debug|ARM.Deploy.0 = Debug|ARM
		{5D857D1D-0F80-478C-BB4D-DF6F631240EB}.Debug|x64.ActiveCfg = Debug|Any CPU
		{5D857D1D-0F80-478C-BB4D-DF6F631240EB}.Debug|x86.ActiveCfg = Debug|x86
		{5D857D1D-0F80-478C-BB4D-DF6F631240EB}.Debug|x86.Build.0 = Debug|x86
		{5D857D1D-0F80-478C-BB4D-DF6F631240EB}.Debug|x86.Deploy.0 = Debug|x86
		{5D857D1D-0F80-478C-BB4D-DF6F631240EB}.Release|Any CPU.ActiveCfg = Release|Any CPU
		{5D857D1D-0F80-478C-BB4D-DF6F631240EB}.Release|Any CPU.Build.0 = Release|Any CPU
		{5D857D1D-0F80-478C-BB4D-DF6F631240EB}.Release|Any CPU.Deploy.0 = Release|Any CPU
		{5D857D1D-0F80-478C-BB4D-DF6F631240EB}.Release|ARM.ActiveCfg = Release|ARM
		{5D857D1D-0F80-478C-BB4D-DF6F631240EB}.Release|ARM.Build.0 = Release|ARM
		{5D857D1D-0F80-478C-BB4D-DF6F631240EB}.Release|ARM.Deploy.0 = Release|ARM
		{5D857D1D-0F80-478C-BB4D-DF6F631240EB}.Release|x64.ActiveCfg = Release|Any CPU
		{5D857D1D-0F80-478C-BB4D-DF6F631240EB}.Release|x86.ActiveCfg = Release|x86
		{5D857D1D-0F80-478C-BB4D-DF6F631240EB}.Release|x86.Build.0 = Release|x86
		{5D857D1D-0F80-478C-BB4D-DF6F631240EB}.Release|x86.Deploy.0 = Release|x86
		{1D57F4E7-CFF3-4853-BD38-CE9B7CDD8DB5}.Debug|Any CPU.ActiveCfg = Debug|Any CPU
		{1D57F4E7-CFF3-4853-BD38-CE9B7CDD8DB5}.Debug|Any CPU.Build.0 = Debug|Any CPU
		{1D57F4E7-CFF3-4853-BD38-CE9B7CDD8DB5}.Debug|Any CPU.Deploy.0 = Debug|Any CPU
		{1D57F4E7-CFF3-4853-BD38-CE9B7CDD8DB5}.Debug|ARM.ActiveCfg = Debug|ARM
		{1D57F4E7-CFF3-4853-BD38-CE9B7CDD8DB5}.Debug|ARM.Build.0 = Debug|ARM
		{1D57F4E7-CFF3-4853-BD38-CE9B7CDD8DB5}.Debug|ARM.Deploy.0 = Debug|ARM
		{1D57F4E7-CFF3-4853-BD38-CE9B7CDD8DB5}.Debug|x64.ActiveCfg = Debug|x64
		{1D57F4E7-CFF3-4853-BD38-CE9B7CDD8DB5}.Debug|x64.Build.0 = Debug|x64
		{1D57F4E7-CFF3-4853-BD38-CE9B7CDD8DB5}.Debug|x64.Deploy.0 = Debug|x64
		{1D57F4E7-CFF3-4853-BD38-CE9B7CDD8DB5}.Debug|x86.ActiveCfg = Debug|x86
		{1D57F4E7-CFF3-4853-BD38-CE9B7CDD8DB5}.Debug|x86.Build.0 = Debug|x86
		{1D57F4E7-CFF3-4853-BD38-CE9B7CDD8DB5}.Debug|x86.Deploy.0 = Debug|x86
		{1D57F4E7-CFF3-4853-BD38-CE9B7CDD8DB5}.Release|Any CPU.ActiveCfg = Release|Any CPU
		{1D57F4E7-CFF3-4853-BD38-CE9B7CDD8DB5}.Release|Any CPU.Build.0 = Release|Any CPU
		{1D57F4E7-CFF3-4853-BD38-CE9B7CDD8DB5}.Release|Any CPU.Deploy.0 = Release|Any CPU
		{1D57F4E7-CFF3-4853-BD38-CE9B7CDD8DB5}.Release|ARM.ActiveCfg = Release|ARM
		{1D57F4E7-CFF3-4853-BD38-CE9B7CDD8DB5}.Release|ARM.Build.0 = Release|ARM
		{1D57F4E7-CFF3-4853-BD38-CE9B7CDD8DB5}.Release|ARM.Deploy.0 = Release|ARM
		{1D57F4E7-CFF3-4853-BD38-CE9B7CDD8DB5}.Release|x64.ActiveCfg = Release|x64
		{1D57F4E7-CFF3-4853-BD38-CE9B7CDD8DB5}.Release|x64.Build.0 = Release|x64
		{1D57F4E7-CFF3-4853-BD38-CE9B7CDD8DB5}.Release|x64.Deploy.0 = Release|x64
		{1D57F4E7-CFF3-4853-BD38-CE9B7CDD8DB5}.Release|x86.ActiveCfg = Release|x86
		{1D57F4E7-CFF3-4853-BD38-CE9B7CDD8DB5}.Release|x86.Build.0 = Release|x86
		{1D57F4E7-CFF3-4853-BD38-CE9B7CDD8DB5}.Release|x86.Deploy.0 = Release|x86
		{74774116-AE8F-4CFE-85CA-EEADD8A304EE}.Debug|Any CPU.ActiveCfg = Debug|Any CPU
		{74774116-AE8F-4CFE-85CA-EEADD8A304EE}.Debug|Any CPU.Build.0 = Debug|Any CPU
		{74774116-AE8F-4CFE-85CA-EEADD8A304EE}.Debug|ARM.ActiveCfg = Debug|ARM
		{74774116-AE8F-4CFE-85CA-EEADD8A304EE}.Debug|ARM.Build.0 = Debug|ARM
		{74774116-AE8F-4CFE-85CA-EEADD8A304EE}.Debug|x64.ActiveCfg = Debug|x64
		{74774116-AE8F-4CFE-85CA-EEADD8A304EE}.Debug|x64.Build.0 = Debug|x64
		{74774116-AE8F-4CFE-85CA-EEADD8A304EE}.Debug|x86.ActiveCfg = Debug|x86
		{74774116-AE8F-4CFE-85CA-EEADD8A304EE}.Debug|x86.Build.0 = Debug|x86
		{74774116-AE8F-4CFE-85CA-EEADD8A304EE}.Release|Any CPU.ActiveCfg = Release|Any CPU
		{74774116-AE8F-4CFE-85CA-EEADD8A304EE}.Release|Any CPU.Build.0 = Release|Any CPU
		{74774116-AE8F-4CFE-85CA-EEADD8A304EE}.Release|ARM.ActiveCfg = Release|ARM
		{74774116-AE8F-4CFE-85CA-EEADD8A304EE}.Release|ARM.Build.0 = Release|ARM
		{74774116-AE8F-4CFE-85CA-EEADD8A304EE}.Release|x64.ActiveCfg = Release|x64
		{74774116-AE8F-4CFE-85CA-EEADD8A304EE}.Release|x64.Build.0 = Release|x64
		{74774116-AE8F-4CFE-85CA-EEADD8A304EE}.Release|x86.ActiveCfg = Release|x86
		{74774116-AE8F-4CFE-85CA-EEADD8A304EE}.Release|x86.Build.0 = Release|x86
	EndGlobalSection
	GlobalSection(SolutionProperties) = preSolution
		HideSolutionNode = FALSE
	EndGlobalSection
EndGlobal
